
Microsoft Visual Studio Solution File, Format Version 12.00
# Visual Studio Version 16
VisualStudioVersion = 16.0.31205.134
MinimumVisualStudioVersion = 10.0.40219.1
Project("{8BC9CEB8-8B4A-11D0-8D11-00A0C91BC942}") = "FPSGameWithoutDemons", "FPSGameWithoutDemons.vcxproj", "{D0F56622-11F6-4216-A493-FFB2A10EC8BC}"
EndProject
Global
	GlobalSection(SolutionConfigurationPlatforms) = preSolution
		Debug|x64 = Debug|x64
		Debug|x86 = Debug|x86
		Release|x64 = Release|x64
		Release|x86 = Release|x86
	EndGlobalSection
	GlobalSection(ProjectConfigurationPlatforms) = postSolution
		{D0F56622-11F6-4216-A493-FFB2A10EC8BC}.Debug|x64.ActiveCfg = Debug|x64
		{D0F56622-11F6-4216-A493-FFB2A10EC8BC}.Debug|x64.Build.0 = Debug|x64
		{D0F56622-11F6-4216-A493-FFB2A10EC8BC}.Debug|x86.ActiveCfg = Debug|Win32
		{D0F56622-11F6-4216-A493-FFB2A10EC8BC}.Debug|x86.Build.0 = Debug|Win32
		{D0F56622-11F6-4216-A493-FFB2A10EC8BC}.Release|x64.ActiveCfg = Release|x64
		{D0F56622-11F6-4216-A493-FFB2A10EC8BC}.Release|x64.Build.0 = Release|x64
		{D0F56622-11F6-4216-A493-FFB2A10EC8BC}.Release|x86.ActiveCfg = Release|Win32
		{D0F56622-11F6-4216-A493-FFB2A10EC8BC}.Release|x86.Build.0 = Release|Win32
	EndGlobalSection
	GlobalSection(SolutionProperties) = preSolution
		HideSolutionNode = FALSE
	EndGlobalSection
	GlobalSection(ExtensibilityGlobals) = postSolution
		SolutionGuid = {AF7688FB-5A83-4866-AEDF-315E2D88B927}
	EndGlobalSection
EndGlobal
